
Microsoft Visual Studio Solution File, Format Version 12.00
# Visual Studio Version 16
VisualStudioVersion = 16.0.30621.155
MinimumVisualStudioVersion = 10.0.40219.1
Project("{8BC9CEB8-8B4A-11D0-8D11-00A0C91BC942}") = "ProyectoLP2020", "ProyectoLP2020.vcxproj", "{3FE717D8-9134-4F71-B376-FFF9C948E6D7}"
EndProject
Global
	GlobalSection(SolutionConfigurationPlatforms) = preSolution
		Debug|x64 = Debug|x64
		Debug|x86 = Debug|x86
		Release|x64 = Release|x64
		Release|x86 = Release|x86
	EndGlobalSection
	GlobalSection(ProjectConfigurationPlatforms) = postSolution
		{3FE717D8-9134-4F71-B376-FFF9C948E6D7}.Debug|x64.ActiveCfg = Debug|x64
		{3FE717D8-9134-4F71-B376-FFF9C948E6D7}.Debug|x64.Build.0 = Debug|x64
		{3FE717D8-9134-4F71-B376-FFF9C948E6D7}.Debug|x86.ActiveCfg = Debug|Win32
		{3FE717D8-9134-4F71-B376-FFF9C948E6D7}.Debug|x86.Build.0 = Debug|Win32
		{3FE717D8-9134-4F71-B376-FFF9C948E6D7}.Release|x64.ActiveCfg = Release|x64
		{3FE717D8-9134-4F71-B376-FFF9C948E6D7}.Release|x64.Build.0 = Release|x64
		{3FE717D8-9134-4F71-B376-FFF9C948E6D7}.Release|x86.ActiveCfg = Release|Win32
		{3FE717D8-9134-4F71-B376-FFF9C948E6D7}.Release|x86.Build.0 = Release|Win32
	EndGlobalSection
	GlobalSection(SolutionProperties) = preSolution
		HideSolutionNode = FALSE
	EndGlobalSection
	GlobalSection(ExtensibilityGlobals) = postSolution
		SolutionGuid = {1D40042E-6757-4212-8266-4517C4011550}
	EndGlobalSection
EndGlobal
